
Microsoft Visual Studio Solution File, Format Version 12.00
# Visual Studio 15
VisualStudioVersion = 15.0.28010.2046
MinimumVisualStudioVersion = 10.0.40219.1
Project("{FAE04EC0-301F-11D3-BF4B-00C04F79EFBC}") = "RPSLS_Game", "RPSLS_Game.csproj", "{6F784772-C263-4FEA-A67C-0BAE3DFDA598}"
EndProject
Global
	GlobalSection(SolutionConfigurationPlatforms) = preSolution
		Debug|Any CPU = Debug|Any CPU
		Release|Any CPU = Release|Any CPU
	EndGlobalSection
	GlobalSection(ProjectConfigurationPlatforms) = postSolution
		{6F784772-C263-4FEA-A67C-0BAE3DFDA598}.Debug|Any CPU.ActiveCfg = Debug|Any CPU
		{6F784772-C263-4FEA-A67C-0BAE3DFDA598}.Debug|Any CPU.Build.0 = Debug|Any CPU
		{6F784772-C263-4FEA-A67C-0BAE3DFDA598}.Release|Any CPU.ActiveCfg = Release|Any CPU
		{6F784772-C263-4FEA-A67C-0BAE3DFDA598}.Release|Any CPU.Build.0 = Release|Any CPU
	EndGlobalSection
	GlobalSection(SolutionProperties) = preSolution
		HideSolutionNode = FALSE
	EndGlobalSection
	GlobalSection(ExtensibilityGlobals) = postSolution
		SolutionGuid = {11459F9F-0EEC-496D-85CB-AE74FFD778AD}
	EndGlobalSection
EndGlobal
